github.com/unimeter/go-unimeter v0.1.1-0.20260427113015-5e5970a9c53c h1:xoI8OXTwTd7lp9kLp6Il5WDMV75vWh1l/fMRbssoZ2I=
github.com/unimeter/go-unimeter v0.1.1-0.20260427113015-5e5970a9c53c/go.mod h1:jZL8U4G/Tnm0gxoFDsrm6L37hY47jAaUIBzAe1jo738=
github.com/unimeter/go-unimeter v0.1.1-0.20260427155434-d2a5b74c792e h1:8fVDsjd/ycC2fXH5sfivPTeDldUfBq7fC2gBSEtlyKs=
github.com/unimeter/go-unimeter v0.1.1-0.20260427155434-d2a5b74c792e/go.mod h1:jZL8U4G/Tnm0gxoFDsrm6L37hY47jAaUIBzAe1jo738=
